
Microsoft Visual Studio Solution File, Format Version 12.00
# Visual Studio Version 17
VisualStudioVersion = 17.7.34202.233
MinimumVisualStudioVersion = 10.0.40219.1
Project("{8BC9CEB8-8B4A-11D0-8D11-00A0C91BC942}") = "HuellaDigital", "HuellaDigital\HuellaDigital.vcxproj", "{44999B84-F0DC-4F46-B62C-96E6B50ADF91}"
EndProject
Global
	GlobalSection(SolutionConfigurationPlatforms) = preSolution
		Debug|x64 = Debug|x64
		Debug|x86 = Debug|x86
		Release|x64 = Release|x64
		Release|x86 = Release|x86
	EndGlobalSection
	GlobalSection(ProjectConfigurationPlatforms) = postSolution
		{44999B84-F0DC-4F46-B62C-96E6B50ADF91}.Debug|x64.ActiveCfg = Debug|x64
		{44999B84-F0DC-4F46-B62C-96E6B50ADF91}.Debug|x64.Build.0 = Debug|x64
		{44999B84-F0DC-4F46-B62C-96E6B50ADF91}.Debug|x86.ActiveCfg = Debug|Win32
		{44999B84-F0DC-4F46-B62C-96E6B50ADF91}.Debug|x86.Build.0 = Debug|Win32
		{44999B84-F0DC-4F46-B62C-96E6B50ADF91}.Release|x64.ActiveCfg = Release|x64
		{44999B84-F0DC-4F46-B62C-96E6B50ADF91}.Release|x64.Build.0 = Release|x64
		{44999B84-F0DC-4F46-B62C-96E6B50ADF91}.Release|x86.ActiveCfg = Release|Win32
		{44999B84-F0DC-4F46-B62C-96E6B50ADF91}.Release|x86.Build.0 = Release|Win32
	EndGlobalSection
	GlobalSection(SolutionProperties) = preSolution
		HideSolutionNode = FALSE
	EndGlobalSection
	GlobalSection(ExtensibilityGlobals) = postSolution
		SolutionGuid = {81A02413-F501-4BBB-8BF1-CEAF6EF36B89}
	EndGlobalSection
EndGlobal
